
Microsoft Visual Studio Solution File, Format Version 12.00
# Visual Studio 15
VisualStudioVersion = 15.0.28307.1705
MinimumVisualStudioVersion = 10.0.40219.1
Project("{FAE04EC0-301F-11D3-BF4B-00C04F79EFBC}") = "WindowsFormsApp1", "WindowsFormsApp1\WindowsFormsApp1.csproj", "{6B54F634-F9F1-4A5B-ADB7-AAEDA7B295FF}"
EndProject
Global
	GlobalSection(SolutionConfigurationPlatforms) = preSolution
		Debug|Any CPU = Debug|Any CPU
		Release|Any CPU = Release|Any CPU
	EndGlobalSection
	GlobalSection(ProjectConfigurationPlatforms) = postSolution
		{6B54F634-F9F1-4A5B-ADB7-AAEDA7B295FF}.Debug|Any CPU.ActiveCfg = Debug|Any CPU
		{6B54F634-F9F1-4A5B-ADB7-AAEDA7B295FF}.Debug|Any CPU.Build.0 = Debug|Any CPU
		{6B54F634-F9F1-4A5B-ADB7-AAEDA7B295FF}.Release|Any CPU.ActiveCfg = Release|Any CPU
		{6B54F634-F9F1-4A5B-ADB7-AAEDA7B295FF}.Release|Any CPU.Build.0 = Release|Any CPU
	EndGlobalSection
	GlobalSection(SolutionProperties) = preSolution
		HideSolutionNode = FALSE
	EndGlobalSection
	GlobalSection(ExtensibilityGlobals) = postSolution
		SolutionGuid = {52A0F3E7-7E99-4FB3-9E50-22E546D7E137}
	EndGlobalSection
EndGlobal
